
Microsoft Visual Studio Solution File, Format Version 12.00
# Visual Studio Version 16
VisualStudioVersion = 16.0.29424.173
MinimumVisualStudioVersion = 10.0.40219.1
Project("{9A19103F-16F7-4668-BE54-9A1E7A4F7556}") = "WorkItemsService", "WorkItemService\WorkItemsService.csproj", "{9CC30174-6AAB-419D-8C8F-250750AC499F}"
EndProject
Project("{FAE04EC0-301F-11D3-BF4B-00C04F79EFBC}") = "WorkItemsClient", "WorkItemsClient\WorkItemsClient.csproj", "{63C34D16-52AB-45AB-96FC-22F5095D9FE8}"
EndProject
Project("{FAE04EC0-301F-11D3-BF4B-00C04F79EFBC}") = "WorkItemsService.Tests", "WorkItemsService.Tests\WorkItemsService.Tests.csproj", "{1D934974-8C84-452E-BB6E-9A669C367604}"
EndProject
Global
	GlobalSection(SolutionConfigurationPlatforms) = preSolution
		Debug|Any CPU = Debug|Any CPU
		Release|Any CPU = Release|Any CPU
	EndGlobalSection
	GlobalSection(ProjectConfigurationPlatforms) = postSolution
		{9CC30174-6AAB-419D-8C8F-250750AC499F}.Debug|Any CPU.ActiveCfg = Debug|Any CPU
		{9CC30174-6AAB-419D-8C8F-250750AC499F}.Debug|Any CPU.Build.0 = Debug|Any CPU
		{9CC30174-6AAB-419D-8C8F-250750AC499F}.Release|Any CPU.ActiveCfg = Release|Any CPU
		{9CC30174-6AAB-419D-8C8F-250750AC499F}.Release|Any CPU.Build.0 = Release|Any CPU
		{63C34D16-52AB-45AB-96FC-22F5095D9FE8}.Debug|Any CPU.ActiveCfg = Debug|Any CPU
		{63C34D16-52AB-45AB-96FC-22F5095D9FE8}.Debug|Any CPU.Build.0 = Debug|Any CPU
		{63C34D16-52AB-45AB-96FC-22F5095D9FE8}.Release|Any CPU.ActiveCfg = Release|Any CPU
		{63C34D16-52AB-45AB-96FC-22F5095D9FE8}.Release|Any CPU.Build.0 = Release|Any CPU
		{1D934974-8C84-452E-BB6E-9A669C367604}.Debug|Any CPU.ActiveCfg = Debug|Any CPU
		{1D934974-8C84-452E-BB6E-9A669C367604}.Debug|Any CPU.Build.0 = Debug|Any CPU
		{1D934974-8C84-452E-BB6E-9A669C367604}.Release|Any CPU.ActiveCfg = Release|Any CPU
		{1D934974-8C84-452E-BB6E-9A669C367604}.Release|Any CPU.Build.0 = Release|Any CPU
	EndGlobalSection
	GlobalSection(SolutionProperties) = preSolution
		HideSolutionNode = FALSE
	EndGlobalSection
	GlobalSection(ExtensibilityGlobals) = postSolution
		SolutionGuid = {E3B55012-3A8F-4FF9-8CBF-E9EAD356BBEC}
	EndGlobalSection
EndGlobal
